// !$*UTF8*$!
{
	archiveVersion = 1;
	classes = {
	};
	objectVersion = 50;
	objects = {

/* Begin PBXBuildFile section */
		18805FA02467FD11001F7E4B /* AppDelegate.swift in Sources */ = {isa = PBXBuildFile; fileRef = 18805F9F2467FD11001F7E4B /* AppDelegate.swift */; };
		18805FA22467FD11001F7E4B /* SceneDelegate.swift in Sources */ = {isa = PBXBuildFile; fileRef = 18805FA12467FD11001F7E4B /* SceneDelegate.swift */; };
		18805FA42467FD11001F7E4B /* ContentView.swift in Sources */ = {isa = PBXBuildFile; fileRef = 18805FA32467FD11001F7E4B /* ContentView.swift */; };
		18805FA62467FD12001F7E4B /* Assets.xcassets in Resources */ = {isa = PBXBuildFile; fileRef = 18805FA52467FD12001F7E4B /* Assets.xcassets */; };
		18805FA92467FD12001F7E4B /* Preview Assets.xcassets in Resources */ = {isa = PBXBuildFile; fileRef = 18805FA82467FD12001F7E4B /* Preview Assets.xcassets */; };
		18805FAC2467FD12001F7E4B /* LaunchScreen.storyboard in Resources */ = {isa = PBXBuildFile; fileRef = 18805FAA2467FD12001F7E4B /* LaunchScreen.storyboard */; };
		C1980D052469357200F86786 /* NoteRow.swift in Sources */ = {isa = PBXBuildFile; fileRef = C1980D042469357200F86786 /* NoteRow.swift */; };
		C1980D07246935B400F86786 /* NoteDetail.swift in Sources */ = {isa = PBXBuildFile; fileRef = C1980D06246935B400F86786 /* NoteDetail.swift */; };
		C1980D092469369C00F86786 /* NoteMain.swift in Sources */ = {isa = PBXBuildFile; fileRef = C1980D082469369C00F86786 /* NoteMain.swift */; };
/* End PBXBuildFile section */

/* Begin PBXFileReference section */
		18805F9C2467FD11001F7E4B /* CloneMedi0510.app */ = {isa = PBXFileReference; explicitFileType = wrapper.application; includeInIndex = 0; path = CloneMedi0510.app; sourceTree = BUILT_PRODUCTS_DIR; };
		18805F9F2467FD11001F7E4B /* AppDelegate.swift */ = {isa = PBXFileReference; lastKnownFileType = sourcecode.swift; path = AppDelegate.swift; sourceTree = "<group>"; };
		18805FA12467FD11001F7E4B /* SceneDelegate.swift */ = {isa = PBXFileReference; lastKnownFileType = sourcecode.swift; path = SceneDelegate.swift; sourceTree = "<group>"; };
		18805FA32467FD11001F7E4B /* ContentView.swift */ = {isa = PBXFileReference; lastKnownFileType = sourcecode.swift; path = ContentView.swift; sourceTree = "<group>"; };
		18805FA52467FD12001F7E4B /* Assets.xcassets */ = {isa = PBXFileReference; lastKnownFileType = folder.assetcatalog; path = Assets.xcassets; sourceTree = "<group>"; };
		18805FA82467FD12001F7E4B /* Preview Assets.xcassets */ = {isa = PBXFileReference; lastKnownFileType = folder.assetcatalog; path = "Preview Assets.xcassets"; sourceTree = "<group>"; };
		18805FAB2467FD12001F7E4B /* Base */ = {isa = PBXFileReference; lastKnownFileType = file.storyboard; name = Base; path = Base.lproj/LaunchScreen.storyboard; sourceTree = "<group>"; };
		18805FAD2467FD12001F7E4B /* Info.plist */ = {isa = PBXFileReference; lastKnownFileType = text.plist.xml; path = Info.plist; sourceTree = "<group>"; };
		C1980D042469357200F86786 /* NoteRow.swift */ = {isa = PBXFileReference; lastKnownFileType = sourcecode.swift; path = NoteRow.swift; sourceTree = "<group>"; };
		C1980D06246935B400F86786 /* NoteDetail.swift */ = {isa = PBXFileReference; lastKnownFileType = sourcecode.swift; path = NoteDetail.swift; sourceTree = "<group>"; };
		C1980D082469369C00F86786 /* NoteMain.swift */ = {isa = PBXFileReference; lastKnownFileType = sourcecode.swift; path = NoteMain.swift; sourceTree = "<group>"; };
/* End PBXFileReference section */

/* Begin PBXFrameworksBuildPhase section */
		18805F992467FD11001F7E4B /* Frameworks */ = {
			isa = PBXFrameworksBuildPhase;
			buildActionMask = 2147483647;
			files = (
			);
			runOnlyForDeploymentPostprocessing = 0;
		};
/* End PBXFrameworksBuildPhase section */

/* Begin PBXGroup section */
		18805F932467FD11001F7E4B = {
			isa = PBXGroup;
			children = (
				18805F9E2467FD11001F7E4B /* CloneMedi0510 */,
				18805F9D2467FD11001F7E4B /* Products */,
			);
			sourceTree = "<group>";
		};
		18805F9D2467FD11001F7E4B /* Products */ = {
			isa = PBXGroup;
			children = (
				18805F9C2467FD11001F7E4B /* CloneMedi0510.app */,
			);
			name = Products;
			sourceTree = "<group>";
		};
		18805F9E2467FD11001F7E4B /* CloneMedi0510 */ = {
			isa = PBXGroup;
			children = (
				18805F9F2467FD11001F7E4B /* AppDelegate.swift */,
				18805FA12467FD11001F7E4B /* SceneDelegate.swift */,
				18805FA32467FD11001F7E4B /* ContentView.swift */,
				18805FA52467FD12001F7E4B /* Assets.xcassets */,
				C1980D082469369C00F86786 /* NoteMain.swift */,
				C1980D06246935B400F86786 /* NoteDetail.swift */,
				C1980D042469357200F86786 /* NoteRow.swift */,
				18805FAA2467FD12001F7E4B /* LaunchScreen.storyboard */,
				18805FAD2467FD12001F7E4B /* Info.plist */,
				18805FA72467FD12001F7E4B /* Preview Content */,
			);
			path = CloneMedi0510;
			sourceTree = "<group>";
		};
		18805FA72467FD12001F7E4B /* Preview Content */ = {
			isa = PBXGroup;
			children = (
				18805FA82467FD12001F7E4B /* Preview Assets.xcassets */,
			);
			path = "Preview Content";
			sourceTree = "<group>";
		};
/* End PBXGroup section */

/* Begin PBXNativeTarget section */
		18805F9B2467FD11001F7E4B /* CloneMedi0510 */ = {
			isa = PBXNativeTarget;
			buildConfigurationList = 18805FB02467FD12001F7E4B /* Build configuration list for PBXNativeTarget "CloneMedi0510" */;
			buildPhases = (
				18805F982467FD11001F7E4B /* Sources */,
				18805F992467FD11001F7E4B /* Frameworks */,
				18805F9A2467FD11001F7E4B /* Resources */,
			);
			buildRules = (
			);
			dependencies = (
			);
			name = CloneMedi0510;
			productName = CloneMedi0510;
			productReference = 18805F9C2467FD11001F7E4B /* CloneMedi0510.app */;
			productType = "com.apple.product-type.application";
		};
/* End PBXNativeTarget section */

/* Begin PBXProject section */
		18805F942467FD11001F7E4B /* Project object */ = {
			isa = PBXProject;
			attributes = {
				LastSwiftUpdateCheck = 1140;
				LastUpgradeCheck = 1140;
				ORGANIZATIONNAME = "HEETAE YANG";
				TargetAttributes = {
					18805F9B2467FD11001F7E4B = {
						CreatedOnToolsVersion = 11.4.1;
					};
				};
			};
			buildConfigurationList = 18805F972467FD11001F7E4B /* Build configuration list for PBXProject "CloneMedi0510" */;
			compatibilityVersion = "Xcode 9.3";
			developmentRegion = en;
			hasScannedForEncodings = 0;
			knownRegions = (
				en,
				Base,
			);
			mainGroup = 18805F932467FD11001F7E4B;
			productRefGroup = 18805F9D2467FD11001F7E4B /* Products */;
			projectDirPath = "";
			projectRoot = "";
			targets = (
				18805F9B2467FD11001F7E4B /* CloneMedi0510 */,
			);
		};
/* End PBXProject section */

/* Begin PBXResourcesBuildPhase section */
		18805F9A2467FD11001F7E4B /* Resources */ = {
			isa = PBXResourcesBuildPhase;
			buildActionMask = 2147483647;
			files = (
				18805FAC2467FD12001F7E4B /* LaunchScreen.storyboard in Resources */,
				18805FA92467FD12001F7E4B /* Preview Assets.xcassets in Resources */,
				18805FA62467FD12001F7E4B /* Assets.xcassets in Resources */,
			);
			runOnlyForDeploymentPostprocessing = 0;
		};
/* End PBXResourcesBuildPhase section */

/* Begin PBXSourcesBuildPhase section */
		18805F982467FD11001F7E4B /* Sources */ = {
			isa = PBXSourcesBuildPhase;
			buildActionMask = 2147483647;
			files = (
				C1980D092469369C00F86786 /* NoteMain.swift in Sources */,
				18805FA02467FD11001F7E4B /* AppDelegate.swift in Sources */,
				18805FA22467FD11001F7E4B /* SceneDelegate.swift in Sources */,
				C1980D052469357200F86786 /* NoteRow.swift in Sources */,
				18805FA42467FD11001F7E4B /* ContentView.swift in Sources */,
				C1980D07246935B400F86786 /* NoteDetail.swift in Sources */,
			);
			runOnlyForDeploymentPostprocessing = 0;
		};
/* End PBXSourcesBuildPhase section */

/* Begin PBXVariantGroup section */
		18805FAA2467FD12001F7E4B /* LaunchScreen.storyboard */ = {
			isa = PBXVariantGroup;
			children = (
				18805FAB2467FD12001F7E4B /* Base */,
			);
			name = LaunchScreen.storyboard;
			sourceTree = "<group>";
		};
/* End PBXVariantGroup section */

/* Begin XCBuildConfiguration section */
		18805FAE2467FD12001F7E4B /* Debug */ = {
			isa = XCBuildConfiguration;
			buildSettings = {
				ALWAYS_SEARCH_USER_PATHS = NO;
				CLANG_ANALYZER_NONNULL = YES;
				CLANG_ANALYZER_NUMBER_OBJECT_CONVERSION = YES_AGGRESSIVE;
				CLANG_CXX_LANGUAGE_STANDARD = "gnu++14";
				CLANG_CXX_LIBRARY = "libc++";
				CLANG_ENABLE_MODULES = YES;
				CLANG_ENABLE_OBJC_ARC = YES;
				CLANG_ENABLE_OBJC_WEAK = YES;
				CLANG_WARN_BLOCK_CAPTURE_AUTORELEASING = YES;
				CLANG_WARN_BOOL_CONVERSION = YES;
				CLANG_WARN_COMMA = YES;
				CLANG_WARN_CONSTANT_CONVERSION = YES;
				CLANG_WARN_DEPRECATED_OBJC_IMPLEMENTATIONS = YES;
				CLANG_WARN_DIRECT_OBJC_ISA_USAGE = YES_ERROR;
				CLANG_WARN_DOCUMENTATION_COMMENTS = YES;
				CLANG_WARN_EMPTY_BODY = YES;
				CLANG_WARN_ENUM_CONVERSION = YES;
				CLANG_WARN_INFINITE_RECURSION = YES;
				CLANG_WARN_INT_CONVERSION = YES;
				CLANG_WARN_NON_LITERAL_NULL_CONVERSION = YES;
				CLANG_WARN_OBJC_IMPLICIT_RETAIN_SELF = YES;
				CLANG_WARN_OBJC_LITERAL_CONVERSION = YES;
				CLANG_WARN_OBJC_ROOT_CLASS = YES_ERROR;
				CLANG_WARN_RANGE_LOOP_ANALYSIS = YES;
				CLANG_WARN_STRICT_PROTOTYPES = YES;
				CLANG_WARN_SUSPICIOUS_MOVE = YES;
				CLANG_WARN_UNGUARDED_AVAILABILITY = YES_AGGRESSIVE;
				CLANG_WARN_UNREACHABLE_CODE = YES;
				CLANG_WARN__DUPLICATE_METHOD_MATCH = YES;
				COPY_PHASE_STRIP = NO;
				DEBUG_INFORMATION_FORMAT = dwarf;
				ENABLE_STRICT_OBJC_MSGSEND = YES;
				ENABLE_TESTABILITY = YES;
				GCC_C_LANGUAGE_STANDARD = gnu11;
				GCC_DYNAMIC_NO_PIC = NO;
				GCC_NO_COMMON_BLOCKS = YES;
				GCC_OPTIMIZATION_LEVEL = 0;
				GCC_PREPROCESSOR_DEFINITIONS = (
					"DEBUG=1",
					"$(inherited)",
				);
				GCC_WARN_64_TO_32_BIT_CONVERSION = YES;
				GCC_WARN_ABOUT_RETURN_TYPE = YES_ERROR;
				GCC_WARN_UNDECLARED_SELECTOR = YES;
				GCC_WARN_UNINITIALIZED_AUTOS = YES_AGGRESSIVE;
				GCC_WARN_UNUSED_FUNCTION = YES;
				GCC_WARN_UNUSED_VARIABLE = YES;
				IPHONEOS_DEPLOYMENT_TARGET = 13.4;
				MTL_ENABLE_DEBUG_INFO = INCLUDE_SOURCE;
				MTL_FAST_MATH = YES;
				ONLY_ACTIVE_ARCH = YES;
				SDKROOT = iphoneos;
				SWIFT_ACTIVE_COMPILATION_CONDITIONS = DEBUG;
				SWIFT_OPTIMIZATION_LEVEL = "-Onone";
			};
			name = Debug;
		};
		18805FAF2467FD12001F7E4B /* Release */ = {
			isa = XCBuildConfiguration;
			buildSettings = {
				ALWAYS_SEARCH_USER_PATHS = NO;
				CLANG_ANALYZER_NONNULL = YES;
				CLANG_ANALYZER_NUMBER_OBJECT_CONVERSION = YES_AGGRESSIVE;
				CLANG_CXX_LANGUAGE_STANDARD = "gnu++14";
				CLANG_CXX_LIBRARY = "libc++";
				CLANG_ENABLE_MODULES = YES;
				CLANG_ENABLE_OBJC_ARC = YES;
				CLANG_ENABLE_OBJC_WEAK = YES;
				CLANG_WARN_BLOCK_CAPTURE_AUTORELEASING = YES;
				CLANG_WARN_BOOL_CONVERSION = YES;
				CLANG_WARN_COMMA = YES;
				CLANG_WARN_CONSTANT_CONVERSION = YES;
				CLANG_WARN_DEPRECATED_OBJC_IMPLEMENTATIONS = YES;
				CLANG_WARN_DIRECT_OBJC_ISA_USAGE = YES_ERROR;
				CLANG_WARN_DOCUMENTATION_COMMENTS = YES;
				CLANG_WARN_EMPTY_BODY = YES;
				CLANG_WARN_ENUM_CONVERSION = YES;
				CLANG_WARN_INFINITE_RECURSION = YES;
				CLANG_WARN_INT_CONVERSION = YES;
				CLANG_WARN_NON_LITERAL_NULL_CONVERSION = YES;
				CLANG_WARN_OBJC_IMPLICIT_RETAIN_SELF = YES;
				CLANG_WARN_OBJC_LITERAL_CONVERSION = YES;
				CLANG_WARN_OBJC_ROOT_CLASS = YES_ERROR;
				CLANG_WARN_RANGE_LOOP_ANALYSIS = YES;
				CLANG_WARN_STRICT_PROTOTYPES = YES;
				CLANG_WARN_SUSPICIOUS_MOVE = YES;
				CLANG_WARN_UNGUARDED_AVAILABILITY = YES_AGGRESSIVE;
				CLANG_WARN_UNREACHABLE_CODE = YES;
				CLANG_WARN__DUPLICATE_METHOD_MATCH = YES;
				COPY_PHASE_STRIP = NO;
				DEBUG_INFORMATION_FORMAT = "dwarf-with-dsym";
				ENABLE_NS_ASSERTIONS = NO;
				ENABLE_STRICT_OBJC_MSGSEND = YES;
				GCC_C_LANGUAGE_STANDARD = gnu11;
				GCC_NO_COMMON_BLOCKS = YES;
				GCC_WARN_64_TO_32_BIT_CONVERSION = YES;
				GCC_WARN_ABOUT_RETURN_TYPE = YES_ERROR;
				GCC_WARN_UNDECLARED_SELECTOR = YES;
				GCC_WARN_UNINITIALIZED_AUTOS = YES_AGGRESSIVE;
				GCC_WARN_UNUSED_FUNCTION = YES;
				GCC_WARN_UNUSED_VARIABLE = YES;
				IPHONEOS_DEPLOYMENT_TARGET = 13.4;
				MTL_ENABLE_DEBUG_INFO = NO;
				MTL_FAST_MATH = YES;
				SDKROOT = iphoneos;
				SWIFT_COMPILATION_MODE = wholemodule;
				SWIFT_OPTIMIZATION_LEVEL = "-O";
				VALIDATE_PRODUCT = YES;
			};
			name = Release;
		};
		18805FB12467FD12001F7E4B /* Debug */ = {
			isa = XCBuildConfiguration;
			buildSettings = {
				ASSETCATALOG_COMPILER_APPICON_NAME = AppIcon;
				CODE_SIGN_STYLE = Automatic;
				DEVELOPMENT_ASSET_PATHS = "\"CloneMedi0510/Preview Content\"";
				DEVELOPMENT_TEAM = QWMVVJ768Q;
				ENABLE_PREVIEWS = YES;
				INFOPLIST_FILE = CloneMedi0510/Info.plist;
				LD_RUNPATH_SEARCH_PATHS = (
					"$(inherited)",
					"@executable_path/Frameworks",
				);
				PRODUCT_BUNDLE_IDENTIFIER = org.yht.CloneMedi0510;
				PRODUCT_NAME = "$(TARGET_NAME)";
				SWIFT_VERSION = 5.0;
				TARGETED_DEVICE_FAMILY = 1;
			};
			name = Debug;
		};
		18805FB22467FD12001F7E4B /* Release */ = {
			isa = XCBuildConfiguration;
			buildSettings = {
				ASSETCATALOG_COMPILER_APPICON_NAME = AppIcon;
				CODE_SIGN_STYLE = Automatic;
				DEVELOPMENT_ASSET_PATHS = "\"CloneMedi0510/Preview Content\"";
				DEVELOPMENT_TEAM = QWMVVJ768Q;
				ENABLE_PREVIEWS = YES;
				INFOPLIST_FILE = CloneMedi0510/Info.plist;
				LD_RUNPATH_SEARCH_PATHS = (
					"$(inherited)",
					"@executable_path/Frameworks",
				);
				PRODUCT_BUNDLE_IDENTIFIER = org.yht.CloneMedi0510;
				PRODUCT_NAME = "$(TARGET_NAME)";
				SWIFT_VERSION = 5.0;
				TARGETED_DEVICE_FAMILY = 1;
			};
			name = Release;
		};
/* End XCBuildConfiguration section */

/* Begin XCConfigurationList section */
		18805F972467FD11001F7E4B /* Build configuration list for PBXProject "CloneMedi0510" */ = {
			isa = XCConfigurationList;
			buildConfigurations = (
				18805FAE2467FD12001F7E4B /* Debug */,
				18805FAF2467FD12001F7E4B /* Release */,
			);
			defaultConfigurationIsVisible = 0;
			defaultConfigurationName = Release;
		};
		18805FB02467FD12001F7E4B /* Build configuration list for PBXNativeTarget "CloneMedi0510" */ = {
			isa = XCConfigurationList;
			buildConfigurations = (
				18805FB12467FD12001F7E4B /* Debug */,
				18805FB22467FD12001F7E4B /* Release */,
			);
			defaultConfigurationIsVisible = 0;
			defaultConfigurationName = Release;
		};
/* End XCConfigurationList section */
	};
	rootObject = 18805F942467FD11001F7E4B /* Project object */;
}
